// !$*UTF8*$!
{
	archiveVersion = 1;
	classes = {
	};
	objectVersion = 56;
	objects = {

/* Begin PBXBuildFile section */
		2D805D8C2AC17D4800274731 /* LocationManager.swift in Sources */ = {isa = PBXBuildFile; fileRef = 2D805D8B2AC17D4800274731 /* LocationManager.swift */; };
		2D805D8E2AC1CE0900274731 /* HomeView.swift in Sources */ = {isa = PBXBuildFile; fileRef = 2D805D8D2AC1CE0900274731 /* HomeView.swift */; };
		2D805D902AC1D21400274731 /* WeatherSections.swift in Sources */ = {isa = PBXBuildFile; fileRef = 2D805D8F2AC1D21400274731 /* WeatherSections.swift */; };
		2D805D922AC1DAEF00274731 /* WeatherViewModel.swift in Sources */ = {isa = PBXBuildFile; fileRef = 2D805D912AC1DAEF00274731 /* WeatherViewModel.swift */; };
		2DDC24F52AB327F10091D3EB /* AppDelegate.swift in Sources */ = {isa = PBXBuildFile; fileRef = 2DDC24F42AB327F10091D3EB /* AppDelegate.swift */; };
		2DDC24F72AB327F10091D3EB /* SceneDelegate.swift in Sources */ = {isa = PBXBuildFile; fileRef = 2DDC24F62AB327F10091D3EB /* SceneDelegate.swift */; };
		2DDC24FE2AB327F20091D3EB /* Assets.xcassets in Resources */ = {isa = PBXBuildFile; fileRef = 2DDC24FD2AB327F20091D3EB /* Assets.xcassets */; };
		2DDC25012AB327F20091D3EB /* LaunchScreen.storyboard in Resources */ = {isa = PBXBuildFile; fileRef = 2DDC24FF2AB327F20091D3EB /* LaunchScreen.storyboard */; };
		2DDC250C2AB3284D0091D3EB /* HomeViewController.swift in Sources */ = {isa = PBXBuildFile; fileRef = 2DDC250B2AB3284D0091D3EB /* HomeViewController.swift */; };
		2DDC250F2AB32DBE0091D3EB /* NetworkManager.swift in Sources */ = {isa = PBXBuildFile; fileRef = 2DDC250E2AB32DBE0091D3EB /* NetworkManager.swift */; };
		2DF6387E2AB45230004A8DCB /* CurrentWeatherCollectionViewCell.swift in Sources */ = {isa = PBXBuildFile; fileRef = 2DF6387D2AB45230004A8DCB /* CurrentWeatherCollectionViewCell.swift */; };
		2DF638802AB4526E004A8DCB /* WeeklyWeatherCollectionViewCell.swift in Sources */ = {isa = PBXBuildFile; fileRef = 2DF6387F2AB4526E004A8DCB /* WeeklyWeatherCollectionViewCell.swift */; };
		2DF638822AB4528C004A8DCB /* HourlyWeatherCollectionViewCell.swift in Sources */ = {isa = PBXBuildFile; fileRef = 2DF638812AB4528C004A8DCB /* HourlyWeatherCollectionViewCell.swift */; };
		2DF638872AB473D9004A8DCB /* Weather.swift in Sources */ = {isa = PBXBuildFile; fileRef = 2DF638862AB473D9004A8DCB /* Weather.swift */; };
		2DF638942AB4D12B004A8DCB /* Rubik-Black.ttf in Resources */ = {isa = PBXBuildFile; fileRef = 2DF638892AB4D12B004A8DCB /* Rubik-Black.ttf */; };
		2DF638952AB4D12B004A8DCB /* Rubik-Light.ttf in Resources */ = {isa = PBXBuildFile; fileRef = 2DF6388A2AB4D12B004A8DCB /* Rubik-Light.ttf */; };
		2DF638962AB4D12B004A8DCB /* Rubik-BoldItalic.ttf in Resources */ = {isa = PBXBuildFile; fileRef = 2DF6388B2AB4D12B004A8DCB /* Rubik-BoldItalic.ttf */; };
		2DF638972AB4D12B004A8DCB /* Rubik-Medium.ttf in Resources */ = {isa = PBXBuildFile; fileRef = 2DF6388C2AB4D12B004A8DCB /* Rubik-Medium.ttf */; };
		2DF638982AB4D12B004A8DCB /* Rubik-Italic.ttf in Resources */ = {isa = PBXBuildFile; fileRef = 2DF6388D2AB4D12B004A8DCB /* Rubik-Italic.ttf */; };
		2DF638992AB4D12B004A8DCB /* Rubik-MediumItalic.ttf in Resources */ = {isa = PBXBuildFile; fileRef = 2DF6388E2AB4D12B004A8DCB /* Rubik-MediumItalic.ttf */; };
		2DF6389A2AB4D12B004A8DCB /* Rubik-Bold.ttf in Resources */ = {isa = PBXBuildFile; fileRef = 2DF6388F2AB4D12B004A8DCB /* Rubik-Bold.ttf */; };
		2DF6389B2AB4D12B004A8DCB /* Rubik-Regular.ttf in Resources */ = {isa = PBXBuildFile; fileRef = 2DF638902AB4D12B004A8DCB /* Rubik-Regular.ttf */; };
		2DF6389C2AB4D12B004A8DCB /* Rubik-BlackItalic.ttf in Resources */ = {isa = PBXBuildFile; fileRef = 2DF638912AB4D12B004A8DCB /* Rubik-BlackItalic.ttf */; };
		2DF6389D2AB4D12B004A8DCB /* SIL Open Font License.txt in Resources */ = {isa = PBXBuildFile; fileRef = 2DF638922AB4D12B004A8DCB /* SIL Open Font License.txt */; };
		2DF6389E2AB4D12B004A8DCB /* Rubik-LightItalic.ttf in Resources */ = {isa = PBXBuildFile; fileRef = 2DF638932AB4D12B004A8DCB /* Rubik-LightItalic.ttf */; };
		2DF638A02AB562F5004A8DCB /* CreateCollectionView.swift in Sources */ = {isa = PBXBuildFile; fileRef = 2DF6389F2AB562F5004A8DCB /* CreateCollectionView.swift */; };
		2DF638A52AB575C3004A8DCB /* HomeViewViewModel.swift in Sources */ = {isa = PBXBuildFile; fileRef = 2DF638A42AB575C3004A8DCB /* HomeViewViewModel.swift */; };
		2DF638A72AB575E6004A8DCB /* CurrentWeatherCVCViewModel.swift in Sources */ = {isa = PBXBuildFile; fileRef = 2DF638A62AB575E5004A8DCB /* CurrentWeatherCVCViewModel.swift */; };
		2DF638A92AB575F8004A8DCB /* HourlyWeatherCVCViewModel.swift in Sources */ = {isa = PBXBuildFile; fileRef = 2DF638A82AB575F8004A8DCB /* HourlyWeatherCVCViewModel.swift */; };
		2DF638AB2AB5760A004A8DCB /* WeeklyWeatherCVCViewModel.swift in Sources */ = {isa = PBXBuildFile; fileRef = 2DF638AA2AB5760A004A8DCB /* WeeklyWeatherCVCViewModel.swift */; };
		2DF638AE2AB57BED004A8DCB /* CurrentWeather.swift in Sources */ = {isa = PBXBuildFile; fileRef = 2DF638AD2AB57BED004A8DCB /* CurrentWeather.swift */; };
		2DF638B02AB5BD9F004A8DCB /* Extensions.swift in Sources */ = {isa = PBXBuildFile; fileRef = 2DF638AF2AB5BD9F004A8DCB /* Extensions.swift */; };
		2DF638B22AB715F6004A8DCB /* HourlyWeather.swift in Sources */ = {isa = PBXBuildFile; fileRef = 2DF638B12AB715F6004A8DCB /* HourlyWeather.swift */; };
		2DF638B42AB72F98004A8DCB /* WeeklyWeather.swift in Sources */ = {isa = PBXBuildFile; fileRef = 2DF638B32AB72F98004A8DCB /* WeeklyWeather.swift */; };
/* End PBXBuildFile section */

/* Begin PBXFileReference section */
		2D805D8B2AC17D4800274731 /* LocationManager.swift */ = {isa = PBXFileReference; lastKnownFileType = sourcecode.swift; path = LocationManager.swift; sourceTree = "<group>"; };
		2D805D8D2AC1CE0900274731 /* HomeView.swift */ = {isa = PBXFileReference; lastKnownFileType = sourcecode.swift; path = HomeView.swift; sourceTree = "<group>"; };
		2D805D8F2AC1D21400274731 /* WeatherSections.swift */ = {isa = PBXFileReference; lastKnownFileType = sourcecode.swift; path = WeatherSections.swift; sourceTree = "<group>"; };
		2D805D912AC1DAEF00274731 /* WeatherViewModel.swift */ = {isa = PBXFileReference; lastKnownFileType = sourcecode.swift; path = WeatherViewModel.swift; sourceTree = "<group>"; };
		2DDC24F12AB327F10091D3EB /* WeatherApp.app */ = {isa = PBXFileReference; explicitFileType = wrapper.application; includeInIndex = 0; path = WeatherApp.app; sourceTree = BUILT_PRODUCTS_DIR; };
		2DDC24F42AB327F10091D3EB /* AppDelegate.swift */ = {isa = PBXFileReference; lastKnownFileType = sourcecode.swift; path = AppDelegate.swift; sourceTree = "<group>"; };
		2DDC24F62AB327F10091D3EB /* SceneDelegate.swift */ = {isa = PBXFileReference; lastKnownFileType = sourcecode.swift; path = SceneDelegate.swift; sourceTree = "<group>"; };
		2DDC24FD2AB327F20091D3EB /* Assets.xcassets */ = {isa = PBXFileReference; lastKnownFileType = folder.assetcatalog; path = Assets.xcassets; sourceTree = "<group>"; };
		2DDC25002AB327F20091D3EB /* Base */ = {isa = PBXFileReference; lastKnownFileType = file.storyboard; name = Base; path = Base.lproj/LaunchScreen.storyboard; sourceTree = "<group>"; };
		2DDC25022AB327F20091D3EB /* Info.plist */ = {isa = PBXFileReference; lastKnownFileType = text.plist.xml; path = Info.plist; sourceTree = "<group>"; };
		2DDC250B2AB3284D0091D3EB /* HomeViewController.swift */ = {isa = PBXFileReference; lastKnownFileType = sourcecode.swift; path = HomeViewController.swift; sourceTree = "<group>"; };
		2DDC250E2AB32DBE0091D3EB /* NetworkManager.swift */ = {isa = PBXFileReference; lastKnownFileType = sourcecode.swift; path = NetworkManager.swift; sourceTree = "<group>"; };
		2DF6387D2AB45230004A8DCB /* CurrentWeatherCollectionViewCell.swift */ = {isa = PBXFileReference; lastKnownFileType = sourcecode.swift; path = CurrentWeatherCollectionViewCell.swift; sourceTree = "<group>"; };
		2DF6387F2AB4526E004A8DCB /* WeeklyWeatherCollectionViewCell.swift */ = {isa = PBXFileReference; lastKnownFileType = sourcecode.swift; path = WeeklyWeatherCollectionViewCell.swift; sourceTree = "<group>"; };
		2DF638812AB4528C004A8DCB /* HourlyWeatherCollectionViewCell.swift */ = {isa = PBXFileReference; lastKnownFileType = sourcecode.swift; path = HourlyWeatherCollectionViewCell.swift; sourceTree = "<group>"; };
		2DF638862AB473D9004A8DCB /* Weather.swift */ = {isa = PBXFileReference; lastKnownFileType = sourcecode.swift; path = Weather.swift; sourceTree = "<group>"; };
		2DF638892AB4D12B004A8DCB /* Rubik-Black.ttf */ = {isa = PBXFileReference; lastKnownFileType = file; path = "Rubik-Black.ttf"; sourceTree = "<group>"; };
		2DF6388A2AB4D12B004A8DCB /* Rubik-Light.ttf */ = {isa = PBXFileReference; lastKnownFileType = file; path = "Rubik-Light.ttf"; sourceTree = "<group>"; };
		2DF6388B2AB4D12B004A8DCB /* Rubik-BoldItalic.ttf */ = {isa = PBXFileReference; lastKnownFileType = file; path = "Rubik-BoldItalic.ttf"; sourceTree = "<group>"; };
		2DF6388C2AB4D12B004A8DCB /* Rubik-Medium.ttf */ = {isa = PBXFileReference; lastKnownFileType = file; path = "Rubik-Medium.ttf"; sourceTree = "<group>"; };
		2DF6388D2AB4D12B004A8DCB /* Rubik-Italic.ttf */ = {isa = PBXFileReference; lastKnownFileType = file; path = "Rubik-Italic.ttf"; sourceTree = "<group>"; };
		2DF6388E2AB4D12B004A8DCB /* Rubik-MediumItalic.ttf */ = {isa = PBXFileReference; lastKnownFileType = file; path = "Rubik-MediumItalic.ttf"; sourceTree = "<group>"; };
		2DF6388F2AB4D12B004A8DCB /* Rubik-Bold.ttf */ = {isa = PBXFileReference; lastKnownFileType = file; path = "Rubik-Bold.ttf"; sourceTree = "<group>"; };
		2DF638902AB4D12B004A8DCB /* Rubik-Regular.ttf */ = {isa = PBXFileReference; lastKnownFileType = file; path = "Rubik-Regular.ttf"; sourceTree = "<group>"; };
		2DF638912AB4D12B004A8DCB /* Rubik-BlackItalic.ttf */ = {isa = PBXFileReference; lastKnownFileType = file; path = "Rubik-BlackItalic.ttf"; sourceTree = "<group>"; };
		2DF638922AB4D12B004A8DCB /* SIL Open Font License.txt */ = {isa = PBXFileReference; fileEncoding = 4; lastKnownFileType = text; path = "SIL Open Font License.txt"; sourceTree = "<group>"; };
		2DF638932AB4D12B004A8DCB /* Rubik-LightItalic.ttf */ = {isa = PBXFileReference; lastKnownFileType = file; path = "Rubik-LightItalic.ttf"; sourceTree = "<group>"; };
		2DF6389F2AB562F5004A8DCB /* CreateCollectionView.swift */ = {isa = PBXFileReference; lastKnownFileType = sourcecode.swift; path = CreateCollectionView.swift; sourceTree = "<group>"; };
		2DF638A42AB575C3004A8DCB /* HomeViewViewModel.swift */ = {isa = PBXFileReference; lastKnownFileType = sourcecode.swift; path = HomeViewViewModel.swift; sourceTree = "<group>"; };
		2DF638A62AB575E5004A8DCB /* CurrentWeatherCVCViewModel.swift */ = {isa = PBXFileReference; lastKnownFileType = sourcecode.swift; path = CurrentWeatherCVCViewModel.swift; sourceTree = "<group>"; };
		2DF638A82AB575F8004A8DCB /* HourlyWeatherCVCViewModel.swift */ = {isa = PBXFileReference; lastKnownFileType = sourcecode.swift; path = HourlyWeatherCVCViewModel.swift; sourceTree = "<group>"; };
		2DF638AA2AB5760A004A8DCB /* WeeklyWeatherCVCViewModel.swift */ = {isa = PBXFileReference; lastKnownFileType = sourcecode.swift; path = WeeklyWeatherCVCViewModel.swift; sourceTree = "<group>"; };
		2DF638AD2AB57BED004A8DCB /* CurrentWeather.swift */ = {isa = PBXFileReference; lastKnownFileType = sourcecode.swift; path = CurrentWeather.swift; sourceTree = "<group>"; };
		2DF638AF2AB5BD9F004A8DCB /* Extensions.swift */ = {isa = PBXFileReference; lastKnownFileType = sourcecode.swift; path = Extensions.swift; sourceTree = "<group>"; };
		2DF638B12AB715F6004A8DCB /* HourlyWeather.swift */ = {isa = PBXFileReference; lastKnownFileType = sourcecode.swift; path = HourlyWeather.swift; sourceTree = "<group>"; };
		2DF638B32AB72F98004A8DCB /* WeeklyWeather.swift */ = {isa = PBXFileReference; lastKnownFileType = sourcecode.swift; path = WeeklyWeather.swift; sourceTree = "<group>"; };
/* End PBXFileReference section */

/* Begin PBXFrameworksBuildPhase section */
		2DDC24EE2AB327F10091D3EB /* Frameworks */ = {
			isa = PBXFrameworksBuildPhase;
			buildActionMask = 2147483647;
			files = (
			);
			runOnlyForDeploymentPostprocessing = 0;
		};
/* End PBXFrameworksBuildPhase section */

/* Begin PBXGroup section */
		2DDC24E82AB327F10091D3EB = {
			isa = PBXGroup;
			children = (
				2DDC24F32AB327F10091D3EB /* WeatherApp */,
				2DDC24F22AB327F10091D3EB /* Products */,
			);
			sourceTree = "<group>";
		};
		2DDC24F22AB327F10091D3EB /* Products */ = {
			isa = PBXGroup;
			children = (
				2DDC24F12AB327F10091D3EB /* WeatherApp.app */,
			);
			name = Products;
			sourceTree = "<group>";
		};
		2DDC24F32AB327F10091D3EB /* WeatherApp */ = {
			isa = PBXGroup;
			children = (
				2DF638B52AB762CF004A8DCB /* Base */,
				2DF638832AB46602004A8DCB /* Resources */,
				2DDC250D2AB32DB20091D3EB /* Managers */,
				2DDC250A2AB328310091D3EB /* ViewModels */,
				2DDC25092AB328280091D3EB /* Models */,
				2DDC25082AB328210091D3EB /* Views */,
				2DF6387A2AB42771004A8DCB /* Controllers */,
				2DDC25022AB327F20091D3EB /* Info.plist */,
			);
			path = WeatherApp;
			sourceTree = "<group>";
		};
		2DDC25082AB328210091D3EB /* Views */ = {
			isa = PBXGroup;
			children = (
				2D805D8D2AC1CE0900274731 /* HomeView.swift */,
				2DF6389F2AB562F5004A8DCB /* CreateCollectionView.swift */,
				2DF6387D2AB45230004A8DCB /* CurrentWeatherCollectionViewCell.swift */,
				2DF638812AB4528C004A8DCB /* HourlyWeatherCollectionViewCell.swift */,
				2DF6387F2AB4526E004A8DCB /* WeeklyWeatherCollectionViewCell.swift */,
			);
			path = Views;
			sourceTree = "<group>";
		};
		2DDC25092AB328280091D3EB /* Models */ = {
			isa = PBXGroup;
			children = (
				2DF638AD2AB57BED004A8DCB /* CurrentWeather.swift */,
				2DF638862AB473D9004A8DCB /* Weather.swift */,
				2DF638B12AB715F6004A8DCB /* HourlyWeather.swift */,
				2DF638B32AB72F98004A8DCB /* WeeklyWeather.swift */,
			);
			path = Models;
			sourceTree = "<group>";
		};
		2DDC250A2AB328310091D3EB /* ViewModels */ = {
			isa = PBXGroup;
			children = (
				2DF638A42AB575C3004A8DCB /* HomeViewViewModel.swift */,
				2DF638A62AB575E5004A8DCB /* CurrentWeatherCVCViewModel.swift */,
				2DF638A82AB575F8004A8DCB /* HourlyWeatherCVCViewModel.swift */,
				2DF638AA2AB5760A004A8DCB /* WeeklyWeatherCVCViewModel.swift */,
				2D805D8F2AC1D21400274731 /* WeatherSections.swift */,
				2D805D912AC1DAEF00274731 /* WeatherViewModel.swift */,
			);
			path = ViewModels;
			sourceTree = "<group>";
		};
		2DDC250D2AB32DB20091D3EB /* Managers */ = {
			isa = PBXGroup;
			children = (
				2DDC250E2AB32DBE0091D3EB /* NetworkManager.swift */,
				2D805D8B2AC17D4800274731 /* LocationManager.swift */,
			);
			path = Managers;
			sourceTree = "<group>";
		};
		2DF6387A2AB42771004A8DCB /* Controllers */ = {
			isa = PBXGroup;
			children = (
				2DDC250B2AB3284D0091D3EB /* HomeViewController.swift */,
			);
			path = Controllers;
			sourceTree = "<group>";
		};
		2DF638832AB46602004A8DCB /* Resources */ = {
			isa = PBXGroup;
			children = (
				2DF638882AB4D10D004A8DCB /* Fonts */,
				2DDC24FD2AB327F20091D3EB /* Assets.xcassets */,
				2DF638AF2AB5BD9F004A8DCB /* Extensions.swift */,
			);
			path = Resources;
			sourceTree = "<group>";
		};
		2DF638882AB4D10D004A8DCB /* Fonts */ = {
			isa = PBXGroup;
			children = (
				2DF638892AB4D12B004A8DCB /* Rubik-Black.ttf */,
				2DF638912AB4D12B004A8DCB /* Rubik-BlackItalic.ttf */,
				2DF6388F2AB4D12B004A8DCB /* Rubik-Bold.ttf */,
				2DF6388B2AB4D12B004A8DCB /* Rubik-BoldItalic.ttf */,
				2DF6388D2AB4D12B004A8DCB /* Rubik-Italic.ttf */,
				2DF6388A2AB4D12B004A8DCB /* Rubik-Light.ttf */,
				2DF638932AB4D12B004A8DCB /* Rubik-LightItalic.ttf */,
				2DF6388C2AB4D12B004A8DCB /* Rubik-Medium.ttf */,
				2DF6388E2AB4D12B004A8DCB /* Rubik-MediumItalic.ttf */,
				2DF638902AB4D12B004A8DCB /* Rubik-Regular.ttf */,
				2DF638922AB4D12B004A8DCB /* SIL Open Font License.txt */,
			);
			path = Fonts;
			sourceTree = "<group>";
		};
		2DF638B52AB762CF004A8DCB /* Base */ = {
			isa = PBXGroup;
			children = (
				2DDC24F42AB327F10091D3EB /* AppDelegate.swift */,
				2DDC24F62AB327F10091D3EB /* SceneDelegate.swift */,
				2DDC24FF2AB327F20091D3EB /* LaunchScreen.storyboard */,
			);
			path = Base;
			sourceTree = "<group>";
		};
/* End PBXGroup section */

/* Begin PBXNativeTarget section */
		2DDC24F02AB327F10091D3EB /* WeatherApp */ = {
			isa = PBXNativeTarget;
			buildConfigurationList = 2DDC25052AB327F20091D3EB /* Build configuration list for PBXNativeTarget "WeatherApp" */;
			buildPhases = (
				2DDC24ED2AB327F10091D3EB /* Sources */,
				2DDC24EE2AB327F10091D3EB /* Frameworks */,
				2DDC24EF2AB327F10091D3EB /* Resources */,
			);
			buildRules = (
			);
			dependencies = (
			);
			name = WeatherApp;
			productName = WeatherApp;
			productReference = 2DDC24F12AB327F10091D3EB /* WeatherApp.app */;
			productType = "com.apple.product-type.application";
		};
/* End PBXNativeTarget section */

/* Begin PBXProject section */
		2DDC24E92AB327F10091D3EB /* Project object */ = {
			isa = PBXProject;
			attributes = {
				BuildIndependentTargetsInParallel = 1;
				LastSwiftUpdateCheck = 1430;
				LastUpgradeCheck = 1430;
				TargetAttributes = {
					2DDC24F02AB327F10091D3EB = {
						CreatedOnToolsVersion = 14.3.1;
					};
				};
			};
			buildConfigurationList = 2DDC24EC2AB327F10091D3EB /* Build configuration list for PBXProject "WeatherApp" */;
			compatibilityVersion = "Xcode 14.0";
			developmentRegion = en;
			hasScannedForEncodings = 0;
			knownRegions = (
				en,
				Base,
			);
			mainGroup = 2DDC24E82AB327F10091D3EB;
			productRefGroup = 2DDC24F22AB327F10091D3EB /* Products */;
			projectDirPath = "";
			projectRoot = "";
			targets = (
				2DDC24F02AB327F10091D3EB /* WeatherApp */,
			);
		};
/* End PBXProject section */

/* Begin PBXResourcesBuildPhase section */
		2DDC24EF2AB327F10091D3EB /* Resources */ = {
			isa = PBXResourcesBuildPhase;
			buildActionMask = 2147483647;
			files = (
				2DF638962AB4D12B004A8DCB /* Rubik-BoldItalic.ttf in Resources */,
				2DF6389A2AB4D12B004A8DCB /* Rubik-Bold.ttf in Resources */,
				2DF638942AB4D12B004A8DCB /* Rubik-Black.ttf in Resources */,
				2DF6389D2AB4D12B004A8DCB /* SIL Open Font License.txt in Resources */,
				2DF6389B2AB4D12B004A8DCB /* Rubik-Regular.ttf in Resources */,
				2DF638952AB4D12B004A8DCB /* Rubik-Light.ttf in Resources */,
				2DF6389C2AB4D12B004A8DCB /* Rubik-BlackItalic.ttf in Resources */,
				2DF6389E2AB4D12B004A8DCB /* Rubik-LightItalic.ttf in Resources */,
				2DF638992AB4D12B004A8DCB /* Rubik-MediumItalic.ttf in Resources */,
				2DF638972AB4D12B004A8DCB /* Rubik-Medium.ttf in Resources */,
				2DF638982AB4D12B004A8DCB /* Rubik-Italic.ttf in Resources */,
				2DDC25012AB327F20091D3EB /* LaunchScreen.storyboard in Resources */,
				2DDC24FE2AB327F20091D3EB /* Assets.xcassets in Resources */,
			);
			runOnlyForDeploymentPostprocessing = 0;
		};
/* End PBXResourcesBuildPhase section */

/* Begin PBXSourcesBuildPhase section */
		2DDC24ED2AB327F10091D3EB /* Sources */ = {
			isa = PBXSourcesBuildPhase;
			buildActionMask = 2147483647;
			files = (
				2D805D902AC1D21400274731 /* WeatherSections.swift in Sources */,
				2DF638A72AB575E6004A8DCB /* CurrentWeatherCVCViewModel.swift in Sources */,
				2DF638B22AB715F6004A8DCB /* HourlyWeather.swift in Sources */,
				2DF638AE2AB57BED004A8DCB /* CurrentWeather.swift in Sources */,
				2DDC24F52AB327F10091D3EB /* AppDelegate.swift in Sources */,
				2DF638802AB4526E004A8DCB /* WeeklyWeatherCollectionViewCell.swift in Sources */,
				2DF638AB2AB5760A004A8DCB /* WeeklyWeatherCVCViewModel.swift in Sources */,
				2DF638A02AB562F5004A8DCB /* CreateCollectionView.swift in Sources */,
				2DF638822AB4528C004A8DCB /* HourlyWeatherCollectionViewCell.swift in Sources */,
				2D805D8C2AC17D4800274731 /* LocationManager.swift in Sources */,
				2D805D922AC1DAEF00274731 /* WeatherViewModel.swift in Sources */,
				2DDC24F72AB327F10091D3EB /* SceneDelegate.swift in Sources */,
				2DF638872AB473D9004A8DCB /* Weather.swift in Sources */,
				2DDC250C2AB3284D0091D3EB /* HomeViewController.swift in Sources */,
				2DF638B02AB5BD9F004A8DCB /* Extensions.swift in Sources */,
				2DF6387E2AB45230004A8DCB /* CurrentWeatherCollectionViewCell.swift in Sources */,
				2DF638B42AB72F98004A8DCB /* WeeklyWeather.swift in Sources */,
				2DF638A92AB575F8004A8DCB /* HourlyWeatherCVCViewModel.swift in Sources */,
				2DF638A52AB575C3004A8DCB /* HomeViewViewModel.swift in Sources */,
				2DDC250F2AB32DBE0091D3EB /* NetworkManager.swift in Sources */,
				2D805D8E2AC1CE0900274731 /* HomeView.swift in Sources */,
			);
			runOnlyForDeploymentPostprocessing = 0;
		};
/* End PBXSourcesBuildPhase section */

/* Begin PBXVariantGroup section */
		2DDC24FF2AB327F20091D3EB /* LaunchScreen.storyboard */ = {
			isa = PBXVariantGroup;
			children = (
				2DDC25002AB327F20091D3EB /* Base */,
			);
			name = LaunchScreen.storyboard;
			sourceTree = "<group>";
		};
/* End PBXVariantGroup section */

/* Begin XCBuildConfiguration section */
		2DDC25032AB327F20091D3EB /* Debug */ = {
			isa = XCBuildConfiguration;
			buildSettings = {
				ALWAYS_SEARCH_USER_PATHS = NO;
				CLANG_ANALYZER_NONNULL = YES;
				CLANG_ANALYZER_NUMBER_OBJECT_CONVERSION = YES_AGGRESSIVE;
				CLANG_CXX_LANGUAGE_STANDARD = "gnu++20";
				CLANG_ENABLE_MODULES = YES;
				CLANG_ENABLE_OBJC_ARC = YES;
				CLANG_ENABLE_OBJC_WEAK = YES;
				CLANG_WARN_BLOCK_CAPTURE_AUTORELEASING = YES;
				CLANG_WARN_BOOL_CONVERSION = YES;
				CLANG_WARN_COMMA = YES;
				CLANG_WARN_CONSTANT_CONVERSION = YES;
				CLANG_WARN_DEPRECATED_OBJC_IMPLEMENTATIONS = YES;
				CLANG_WARN_DIRECT_OBJC_ISA_USAGE = YES_ERROR;
				CLANG_WARN_DOCUMENTATION_COMMENTS = YES;
				CLANG_WARN_EMPTY_BODY = YES;
				CLANG_WARN_ENUM_CONVERSION = YES;
				CLANG_WARN_INFINITE_RECURSION = YES;
				CLANG_WARN_INT_CONVERSION = YES;
				CLANG_WARN_NON_LITERAL_NULL_CONVERSION = YES;
				CLANG_WARN_OBJC_IMPLICIT_RETAIN_SELF = YES;
				CLANG_WARN_OBJC_LITERAL_CONVERSION = YES;
				CLANG_WARN_OBJC_ROOT_CLASS = YES_ERROR;
				CLANG_WARN_QUOTED_INCLUDE_IN_FRAMEWORK_HEADER = YES;
				CLANG_WARN_RANGE_LOOP_ANALYSIS = YES;
				CLANG_WARN_STRICT_PROTOTYPES = YES;
				CLANG_WARN_SUSPICIOUS_MOVE = YES;
				CLANG_WARN_UNGUARDED_AVAILABILITY = YES_AGGRESSIVE;
				CLANG_WARN_UNREACHABLE_CODE = YES;
				CLANG_WARN__DUPLICATE_METHOD_MATCH = YES;
				COPY_PHASE_STRIP = NO;
				DEBUG_INFORMATION_FORMAT = dwarf;
				ENABLE_STRICT_OBJC_MSGSEND = YES;
				ENABLE_TESTABILITY = YES;
				GCC_C_LANGUAGE_STANDARD = gnu11;
				GCC_DYNAMIC_NO_PIC = NO;
				GCC_NO_COMMON_BLOCKS = YES;
				GCC_OPTIMIZATION_LEVEL = 0;
				GCC_PREPROCESSOR_DEFINITIONS = (
					"DEBUG=1",
					"$(inherited)",
				);
				GCC_WARN_64_TO_32_BIT_CONVERSION = YES;
				GCC_WARN_ABOUT_RETURN_TYPE = YES_ERROR;
				GCC_WARN_UNDECLARED_SELECTOR = YES;
				GCC_WARN_UNINITIALIZED_AUTOS = YES_AGGRESSIVE;
				GCC_WARN_UNUSED_FUNCTION = YES;
				GCC_WARN_UNUSED_VARIABLE = YES;
				IPHONEOS_DEPLOYMENT_TARGET = 16.4;
				MTL_ENABLE_DEBUG_INFO = INCLUDE_SOURCE;
				MTL_FAST_MATH = YES;
				ONLY_ACTIVE_ARCH = YES;
				SDKROOT = iphoneos;
				SWIFT_ACTIVE_COMPILATION_CONDITIONS = DEBUG;
				SWIFT_OPTIMIZATION_LEVEL = "-Onone";
			};
			name = Debug;
		};
		2DDC25042AB327F20091D3EB /* Release */ = {
			isa = XCBuildConfiguration;
			buildSettings = {
				ALWAYS_SEARCH_USER_PATHS = NO;
				CLANG_ANALYZER_NONNULL = YES;
				CLANG_ANALYZER_NUMBER_OBJECT_CONVERSION = YES_AGGRESSIVE;
				CLANG_CXX_LANGUAGE_STANDARD = "gnu++20";
				CLANG_ENABLE_MODULES = YES;
				CLANG_ENABLE_OBJC_ARC = YES;
				CLANG_ENABLE_OBJC_WEAK = YES;
				CLANG_WARN_BLOCK_CAPTURE_AUTORELEASING = YES;
				CLANG_WARN_BOOL_CONVERSION = YES;
				CLANG_WARN_COMMA = YES;
				CLANG_WARN_CONSTANT_CONVERSION = YES;
				CLANG_WARN_DEPRECATED_OBJC_IMPLEMENTATIONS = YES;
				CLANG_WARN_DIRECT_OBJC_ISA_USAGE = YES_ERROR;
				CLANG_WARN_DOCUMENTATION_COMMENTS = YES;
				CLANG_WARN_EMPTY_BODY = YES;
				CLANG_WARN_ENUM_CONVERSION = YES;
				CLANG_WARN_INFINITE_RECURSION = YES;
				CLANG_WARN_INT_CONVERSION = YES;
				CLANG_WARN_NON_LITERAL_NULL_CONVERSION = YES;
				CLANG_WARN_OBJC_IMPLICIT_RETAIN_SELF = YES;
				CLANG_WARN_OBJC_LITERAL_CONVERSION = YES;
				CLANG_WARN_OBJC_ROOT_CLASS = YES_ERROR;
				CLANG_WARN_QUOTED_INCLUDE_IN_FRAMEWORK_HEADER = YES;
				CLANG_WARN_RANGE_LOOP_ANALYSIS = YES;
				CLANG_WARN_STRICT_PROTOTYPES = YES;
				CLANG_WARN_SUSPICIOUS_MOVE = YES;
				CLANG_WARN_UNGUARDED_AVAILABILITY = YES_AGGRESSIVE;
				CLANG_WARN_UNREACHABLE_CODE = YES;
				CLANG_WARN__DUPLICATE_METHOD_MATCH = YES;
				COPY_PHASE_STRIP = NO;
				DEBUG_INFORMATION_FORMAT = "dwarf-with-dsym";
				ENABLE_NS_ASSERTIONS = NO;
				ENABLE_STRICT_OBJC_MSGSEND = YES;
				GCC_C_LANGUAGE_STANDARD = gnu11;
				GCC_NO_COMMON_BLOCKS = YES;
				GCC_WARN_64_TO_32_BIT_CONVERSION = YES;
				GCC_WARN_ABOUT_RETURN_TYPE = YES_ERROR;
				GCC_WARN_UNDECLARED_SELECTOR = YES;
				GCC_WARN_UNINITIALIZED_AUTOS = YES_AGGRESSIVE;
				GCC_WARN_UNUSED_FUNCTION = YES;
				GCC_WARN_UNUSED_VARIABLE = YES;
				IPHONEOS_DEPLOYMENT_TARGET = 16.4;
				MTL_ENABLE_DEBUG_INFO = NO;
				MTL_FAST_MATH = YES;
				SDKROOT = iphoneos;
				SWIFT_COMPILATION_MODE = wholemodule;
				SWIFT_OPTIMIZATION_LEVEL = "-O";
				VALIDATE_PRODUCT = YES;
			};
			name = Release;
		};
		2DDC25062AB327F20091D3EB /* Debug */ = {
			isa = XCBuildConfiguration;
			buildSettings = {
				ASSETCATALOG_COMPILER_APPICON_NAME = AppIcon;
				ASSETCATALOG_COMPILER_GLOBAL_ACCENT_COLOR_NAME = AccentColor;
				CODE_SIGN_STYLE = Automatic;
				CURRENT_PROJECT_VERSION = 1;
				DEVELOPMENT_TEAM = A6776W2UML;
				GENERATE_INFOPLIST_FILE = YES;
				INFOPLIST_FILE = WeatherApp/Info.plist;
				INFOPLIST_KEY_NSLocationWhenInUseUsageDescription = "please allow location and see your local";
				INFOPLIST_KEY_UIApplicationSupportsIndirectInputEvents = YES;
				INFOPLIST_KEY_UILaunchStoryboardName = LaunchScreen;
				INFOPLIST_KEY_UIMainStoryboardFile = "";
				INFOPLIST_KEY_UISupportedInterfaceOrientations_iPad = "UIInterfaceOrientationPortrait UIInterfaceOrientationPortraitUpsideDown UIInterfaceOrientationLandscapeLeft UIInterfaceOrientationLandscapeRight";
				INFOPLIST_KEY_UISupportedInterfaceOrientations_iPhone = "UIInterfaceOrientationPortrait UIInterfaceOrientationLandscapeLeft UIInterfaceOrientationLandscapeRight";
				LD_RUNPATH_SEARCH_PATHS = (
					"$(inherited)",
					"@executable_path/Frameworks",
				);
				MARKETING_VERSION = 1.0;
				PRODUCT_BUNDLE_IDENTIFIER = ulmasbek.shamuratov.WeatherApp;
				PRODUCT_NAME = "$(TARGET_NAME)";
				SWIFT_EMIT_LOC_STRINGS = YES;
				SWIFT_VERSION = 5.0;
				TARGETED_DEVICE_FAMILY = "1,2";
			};
			name = Debug;
		};
		2DDC25072AB327F20091D3EB /* Release */ = {
			isa = XCBuildConfiguration;
			buildSettings = {
				ASSETCATALOG_COMPILER_APPICON_NAME = AppIcon;
				ASSETCATALOG_COMPILER_GLOBAL_ACCENT_COLOR_NAME = AccentColor;
				CODE_SIGN_STYLE = Automatic;
				CURRENT_PROJECT_VERSION = 1;
				DEVELOPMENT_TEAM = A6776W2UML;
				GENERATE_INFOPLIST_FILE = YES;
				INFOPLIST_FILE = WeatherApp/Info.plist;
				INFOPLIST_KEY_NSLocationWhenInUseUsageDescription = "please allow location and see your local";
				INFOPLIST_KEY_UIApplicationSupportsIndirectInputEvents = YES;
				INFOPLIST_KEY_UILaunchStoryboardName = LaunchScreen;
				INFOPLIST_KEY_UIMainStoryboardFile = "";
				INFOPLIST_KEY_UISupportedInterfaceOrientations_iPad = "UIInterfaceOrientationPortrait UIInterfaceOrientationPortraitUpsideDown UIInterfaceOrientationLandscapeLeft UIInterfaceOrientationLandscapeRight";
				INFOPLIST_KEY_UISupportedInterfaceOrientations_iPhone = "UIInterfaceOrientationPortrait UIInterfaceOrientationLandscapeLeft UIInterfaceOrientationLandscapeRight";
				LD_RUNPATH_SEARCH_PATHS = (
					"$(inherited)",
					"@executable_path/Frameworks",
				);
				MARKETING_VERSION = 1.0;
				PRODUCT_BUNDLE_IDENTIFIER = ulmasbek.shamuratov.WeatherApp;
				PRODUCT_NAME = "$(TARGET_NAME)";
				SWIFT_EMIT_LOC_STRINGS = YES;
				SWIFT_VERSION = 5.0;
				TARGETED_DEVICE_FAMILY = "1,2";
			};
			name = Release;
		};
/* End XCBuildConfiguration section */

/* Begin XCConfigurationList section */
		2DDC24EC2AB327F10091D3EB /* Build configuration list for PBXProject "WeatherApp" */ = {
			isa = XCConfigurationList;
			buildConfigurations = (
				2DDC25032AB327F20091D3EB /* Debug */,
				2DDC25042AB327F20091D3EB /* Release */,
			);
			defaultConfigurationIsVisible = 0;
			defaultConfigurationName = Release;
		};
		2DDC25052AB327F20091D3EB /* Build configuration list for PBXNativeTarget "WeatherApp" */ = {
			isa = XCConfigurationList;
			buildConfigurations = (
				2DDC25062AB327F20091D3EB /* Debug */,
				2DDC25072AB327F20091D3EB /* Release */,
			);
			defaultConfigurationIsVisible = 0;
			defaultConfigurationName = Release;
		};
/* End XCConfigurationList section */
	};
	rootObject = 2DDC24E92AB327F10091D3EB /* Project object */;
}
